Microsoft Visual Studio Solution File, Format Version 12.00
# Visual Studio Version 17
VisualStudioVersion = 17.9.34622.214
MinimumVisualStudioVersion = 10.0.40219.1
Project("{9A19103F-16F7-4668-BE54-9A1E7A4F7556}") = "libvpkedit", "libvpkedit\libvpkedit.csproj", "{EA9C7AA7-6C04-433B-8F64-E38462E88CA6}"
EndProject
Project("{9A19103F-16F7-4668-BE54-9A1E7A4F7556}") = "libvpkedit.test", "libvpkedit.test\libvpkedit.test.csproj", "{3BCD0725-785C-41E6-956F-39E25AAA5D4E}"
	ProjectSection(ProjectDependencies) = postProject
		{EA9C7AA7-6C04-433B-8F64-E38462E88CA6} = {EA9C7AA7-6C04-433B-8F64-E38462E88CA6}
	EndProjectSection
EndProject
Global
	GlobalSection(SolutionConfigurationPlatforms) = preSolution
		Debug|Any CPU = Debug|Any CPU
		Release|Any CPU = Release|Any CPU
	EndGlobalSection
	GlobalSection(ProjectConfigurationPlatforms) = postSolution
		{EA9C7AA7-6C04-433B-8F64-E38462E88CA6}.Debug|Any CPU.ActiveCfg = Release|Any CPU
		{EA9C7AA7-6C04-433B-8F64-E38462E88CA6}.Debug|Any CPU.Build.0 = Release|Any CPU
		{EA9C7AA7-6C04-433B-8F64-E38462E88CA6}.Release|Any CPU.ActiveCfg = Debug|Any CPU
		{EA9C7AA7-6C04-433B-8F64-E38462E88CA6}.Release|Any CPU.Build.0 = Debug|Any CPU
		{3BCD0725-785C-41E6-956F-39E25AAA5D4E}.Debug|Any CPU.ActiveCfg = Release|Any CPU
		{3BCD0725-785C-41E6-956F-39E25AAA5D4E}.Debug|Any CPU.Build.0 = Release|Any CPU
		{3BCD0725-785C-41E6-956F-39E25AAA5D4E}.Release|Any CPU.ActiveCfg = Debug|Any CPU
		{3BCD0725-785C-41E6-956F-39E25AAA5D4E}.Release|Any CPU.Build.0 = Debug|Any CPU
	EndGlobalSection
	GlobalSection(SolutionProperties) = preSolution
		HideSolutionNode = FALSE
	EndGlobalSection
	GlobalSection(ExtensibilityGlobals) = postSolution
		SolutionGuid = {834412F6-B5A0-43C5-A2E2-71B8352629B9}
	EndGlobalSection
EndGlobal
